
Microsoft Visual Studio Solution File, Format Version 12.00
# Visual Studio Version 16
VisualStudioVersion = 16.0.36324.18
MinimumVisualStudioVersion = 10.0.40219.1
Project("{FAE04EC0-301F-11D3-BF4B-00C04F79EFBC}") = "Capa_Controlador_Anticipos_Nomina", "Capa_Controlador_Anticipos_Nomina\Capa_Controlador_Anticipos_Nomina.csproj", "{8AB67AF9-2B8D-49B3-AEF2-AE6BA5110FD6}"
EndProject
Project("{FAE04EC0-301F-11D3-BF4B-00C04F79EFBC}") = "Capa_Modelo_Anticipos_Nomina", "Capa_Modelo_Anticipos_Nomina\Capa_Modelo_Anticipos_Nomina.csproj", "{8634DD89-9D0C-4DF8-BB57-40F4A97952BC}"
EndProject
Project("{FAE04EC0-301F-11D3-BF4B-00C04F79EFBC}") = "Capa_Vista_Anticipos_Nomina", "Capa_Vista_Anticipos_Nomina\Capa_Vista_Anticipos_Nomina.csproj", "{8553BF0C-A9A7-4879-A58D-00E30B25F3DF}"
EndProject
Global
	GlobalSection(SolutionConfigurationPlatforms) = preSolution
		Debug|Any CPU = Debug|Any CPU
		Release|Any CPU = Release|Any CPU
	EndGlobalSection
	GlobalSection(ProjectConfigurationPlatforms) = postSolution
		{8AB67AF9-2B8D-49B3-AEF2-AE6BA5110FD6}.Debug|Any CPU.ActiveCfg = Debug|Any CPU
		{8AB67AF9-2B8D-49B3-AEF2-AE6BA5110FD6}.Debug|Any CPU.Build.0 = Debug|Any CPU
		{8AB67AF9-2B8D-49B3-AEF2-AE6BA5110FD6}.Release|Any CPU.ActiveCfg = Release|Any CPU
		{8AB67AF9-2B8D-49B3-AEF2-AE6BA5110FD6}.Release|Any CPU.Build.0 = Release|Any CPU
		{8634DD89-9D0C-4DF8-BB57-40F4A97952BC}.Debug|Any CPU.ActiveCfg = Debug|Any CPU
		{8634DD89-9D0C-4DF8-BB57-40F4A97952BC}.Debug|Any CPU.Build.0 = Debug|Any CPU
		{8634DD89-9D0C-4DF8-BB57-40F4A97952BC}.Release|Any CPU.ActiveCfg = Release|Any CPU
		{8634DD89-9D0C-4DF8-BB57-40F4A97952BC}.Release|Any CPU.Build.0 = Release|Any CPU
		{8553BF0C-A9A7-4879-A58D-00E30B25F3DF}.Debug|Any CPU.ActiveCfg = Debug|Any CPU
		{8553BF0C-A9A7-4879-A58D-00E30B25F3DF}.Debug|Any CPU.Build.0 = Debug|Any CPU
		{8553BF0C-A9A7-4879-A58D-00E30B25F3DF}.Release|Any CPU.ActiveCfg = Release|Any CPU
		{8553BF0C-A9A7-4879-A58D-00E30B25F3DF}.Release|Any CPU.Build.0 = Release|Any CPU
	EndGlobalSection
	GlobalSection(SolutionProperties) = preSolution
		HideSolutionNode = FALSE
	EndGlobalSection
	GlobalSection(ExtensibilityGlobals) = postSolution
		SolutionGuid = {D033A5D9-49AD-41A5-80C5-A6D9273E1689}
	EndGlobalSection
EndGlobal
