
Microsoft Visual Studio Solution File, Format Version 12.00
# Visual Studio Version 16
VisualStudioVersion = 16.0.36422.26
MinimumVisualStudioVersion = 10.0.40219.1
Project("{FAE04EC0-301F-11D3-BF4B-00C04F79EFBC}") = "Capa_Controlador_Percepciones_Nomina", "Capa_Controlador_Percepciones_Nomina\Capa_Controlador_Percepciones_Nomina.csproj", "{05E20052-577D-4831-B27A-FE1D6581B2CA}"
EndProject
Project("{FAE04EC0-301F-11D3-BF4B-00C04F79EFBC}") = "Capa_Modelo_Percepciones_Nomina", "Capa_Modelo_Percepciones_Nomina\Capa_Modelo_Percepciones_Nomina.csproj", "{C5B70CB8-A291-4472-9B67-02229E16BE40}"
EndProject
Project("{FAE04EC0-301F-11D3-BF4B-00C04F79EFBC}") = "Capa_Vista_Percepciones_Nomina", "Capa_Vista_Percepciones_Nomina\Capa_Vista_Percepciones_Nomina.csproj", "{D1641FFA-60FC-42EC-9F3A-B98A71ED161A}"
EndProject
Global
	GlobalSection(SolutionConfigurationPlatforms) = preSolution
		Debug|Any CPU = Debug|Any CPU
		Release|Any CPU = Release|Any CPU
	EndGlobalSection
	GlobalSection(ProjectConfigurationPlatforms) = postSolution
		{05E20052-577D-4831-B27A-FE1D6581B2CA}.Debug|Any CPU.ActiveCfg = Debug|Any CPU
		{05E20052-577D-4831-B27A-FE1D6581B2CA}.Debug|Any CPU.Build.0 = Debug|Any CPU
		{05E20052-577D-4831-B27A-FE1D6581B2CA}.Release|Any CPU.ActiveCfg = Release|Any CPU
		{05E20052-577D-4831-B27A-FE1D6581B2CA}.Release|Any CPU.Build.0 = Release|Any CPU
		{C5B70CB8-A291-4472-9B67-02229E16BE40}.Debug|Any CPU.ActiveCfg = Debug|Any CPU
		{C5B70CB8-A291-4472-9B67-02229E16BE40}.Debug|Any CPU.Build.0 = Debug|Any CPU
		{C5B70CB8-A291-4472-9B67-02229E16BE40}.Release|Any CPU.ActiveCfg = Release|Any CPU
		{C5B70CB8-A291-4472-9B67-02229E16BE40}.Release|Any CPU.Build.0 = Release|Any CPU
		{D1641FFA-60FC-42EC-9F3A-B98A71ED161A}.Debug|Any CPU.ActiveCfg = Debug|Any CPU
		{D1641FFA-60FC-42EC-9F3A-B98A71ED161A}.Debug|Any CPU.Build.0 = Debug|Any CPU
		{D1641FFA-60FC-42EC-9F3A-B98A71ED161A}.Release|Any CPU.ActiveCfg = Release|Any CPU
		{D1641FFA-60FC-42EC-9F3A-B98A71ED161A}.Release|Any CPU.Build.0 = Release|Any CPU
	EndGlobalSection
	GlobalSection(SolutionProperties) = preSolution
		HideSolutionNode = FALSE
	EndGlobalSection
	GlobalSection(ExtensibilityGlobals) = postSolution
		SolutionGuid = {6E44E8FB-5907-4D3F-B2DD-CEF5BC5B1E09}
	EndGlobalSection
EndGlobal
