
Microsoft Visual Studio Solution File, Format Version 12.00
# Visual Studio Version 16
VisualStudioVersion = 16.0.36324.18
MinimumVisualStudioVersion = 10.0.40219.1
Project("{FAE04EC0-301F-11D3-BF4B-00C04F79EFBC}") = "Capa_Vista", "Capa_Vista\Capa_Vista.csproj", "{843AA360-7402-4289-AB29-319325F41D66}"
EndProject
Project("{FAE04EC0-301F-11D3-BF4B-00C04F79EFBC}") = "Capa_Controlador", "Capa_Controlador\Capa_Controlador.csproj", "{5FAC5247-943D-400F-84C8-E77588CBA3F7}"
EndProject
Project("{FAE04EC0-301F-11D3-BF4B-00C04F79EFBC}") = "Capa_Modelo", "Capa_Modelo\Capa_Modelo.csproj", "{3B0BEF17-CE9B-4EEC-A29C-2EF2AAF37228}"
EndProject
Global
	GlobalSection(SolutionConfigurationPlatforms) = preSolution
		Debug|Any CPU = Debug|Any CPU
		Release|Any CPU = Release|Any CPU
	EndGlobalSection
	GlobalSection(ProjectConfigurationPlatforms) = postSolution
		{843AA360-7402-4289-AB29-319325F41D66}.Debug|Any CPU.ActiveCfg = Debug|Any CPU
		{843AA360-7402-4289-AB29-319325F41D66}.Debug|Any CPU.Build.0 = Debug|Any CPU
		{843AA360-7402-4289-AB29-319325F41D66}.Release|Any CPU.ActiveCfg = Release|Any CPU
		{843AA360-7402-4289-AB29-319325F41D66}.Release|Any CPU.Build.0 = Release|Any CPU
		{5FAC5247-943D-400F-84C8-E77588CBA3F7}.Debug|Any CPU.ActiveCfg = Debug|Any CPU
		{5FAC5247-943D-400F-84C8-E77588CBA3F7}.Debug|Any CPU.Build.0 = Debug|Any CPU
		{5FAC5247-943D-400F-84C8-E77588CBA3F7}.Release|Any CPU.ActiveCfg = Release|Any CPU
		{5FAC5247-943D-400F-84C8-E77588CBA3F7}.Release|Any CPU.Build.0 = Release|Any CPU
		{3B0BEF17-CE9B-4EEC-A29C-2EF2AAF37228}.Debug|Any CPU.ActiveCfg = Debug|Any CPU
		{3B0BEF17-CE9B-4EEC-A29C-2EF2AAF37228}.Debug|Any CPU.Build.0 = Debug|Any CPU
		{3B0BEF17-CE9B-4EEC-A29C-2EF2AAF37228}.Release|Any CPU.ActiveCfg = Release|Any CPU
		{3B0BEF17-CE9B-4EEC-A29C-2EF2AAF37228}.Release|Any CPU.Build.0 = Release|Any CPU
	EndGlobalSection
	GlobalSection(SolutionProperties) = preSolution
		HideSolutionNode = FALSE
	EndGlobalSection
	GlobalSection(ExtensibilityGlobals) = postSolution
		SolutionGuid = {2696DBDB-8BBB-409D-9C7D-CA9CD104A13B}
	EndGlobalSection
EndGlobal
