
Microsoft Visual Studio Solution File, Format Version 12.00
# Visual Studio Version 16
VisualStudioVersion = 16.0.36422.26
MinimumVisualStudioVersion = 10.0.40219.1
Project("{FAE04EC0-301F-11D3-BF4B-00C04F79EFBC}") = "Capa_Vista_Hoteleria", "Capa_Vista_Hoteleria\Capa_Vista_Hoteleria.csproj", "{40C863B0-ACBA-4237-A801-D93D9997DB3B}"
EndProject
Project("{FAE04EC0-301F-11D3-BF4B-00C04F79EFBC}") = "Capa_Controlador_Hoteleria", "Capa_Controlador_Hoteleria\Capa_Controlador_Hoteleria.csproj", "{5F791B7F-FE96-45AA-A5F3-092A3D455713}"
EndProject
Project("{FAE04EC0-301F-11D3-BF4B-00C04F79EFBC}") = "Capa_Modelo_Hoteleria", "Capa_Modelo_Hoteleria\Capa_Modelo_Hoteleria.csproj", "{35D8DD81-42FE-47B7-AEE3-199688A238ED}"
EndProject
Global
	GlobalSection(SolutionConfigurationPlatforms) = preSolution
		Debug|Any CPU = Debug|Any CPU
		Release|Any CPU = Release|Any CPU
	EndGlobalSection
	GlobalSection(ProjectConfigurationPlatforms) = postSolution
		{40C863B0-ACBA-4237-A801-D93D9997DB3B}.Debug|Any CPU.ActiveCfg = Debug|Any CPU
		{40C863B0-ACBA-4237-A801-D93D9997DB3B}.Debug|Any CPU.Build.0 = Debug|Any CPU
		{40C863B0-ACBA-4237-A801-D93D9997DB3B}.Release|Any CPU.ActiveCfg = Release|Any CPU
		{40C863B0-ACBA-4237-A801-D93D9997DB3B}.Release|Any CPU.Build.0 = Release|Any CPU
		{5F791B7F-FE96-45AA-A5F3-092A3D455713}.Debug|Any CPU.ActiveCfg = Debug|Any CPU
		{5F791B7F-FE96-45AA-A5F3-092A3D455713}.Debug|Any CPU.Build.0 = Debug|Any CPU
		{5F791B7F-FE96-45AA-A5F3-092A3D455713}.Release|Any CPU.ActiveCfg = Release|Any CPU
		{5F791B7F-FE96-45AA-A5F3-092A3D455713}.Release|Any CPU.Build.0 = Release|Any CPU
		{35D8DD81-42FE-47B7-AEE3-199688A238ED}.Debug|Any CPU.ActiveCfg = Debug|Any CPU
		{35D8DD81-42FE-47B7-AEE3-199688A238ED}.Debug|Any CPU.Build.0 = Debug|Any CPU
		{35D8DD81-42FE-47B7-AEE3-199688A238ED}.Release|Any CPU.ActiveCfg = Release|Any CPU
		{35D8DD81-42FE-47B7-AEE3-199688A238ED}.Release|Any CPU.Build.0 = Release|Any CPU
	EndGlobalSection
	GlobalSection(SolutionProperties) = preSolution
		HideSolutionNode = FALSE
	EndGlobalSection
	GlobalSection(ExtensibilityGlobals) = postSolution
		SolutionGuid = {88CCA988-DBD9-424E-9906-401DFD88D901}
	EndGlobalSection
EndGlobal
