
Microsoft Visual Studio Solution File, Format Version 12.00
# Visual Studio Version 16
VisualStudioVersion = 16.0.36324.18
MinimumVisualStudioVersion = 10.0.40219.1
Project("{FAE04EC0-301F-11D3-BF4B-00C04F79EFBC}") = "Ejecucion", "Ejecucion\Ejecucion.csproj", "{3B6EB0EB-4ED2-4432-A230-8563BFEADEC3}"
EndProject
Global
	GlobalSection(SolutionConfigurationPlatforms) = preSolution
		Debug|Any CPU = Debug|Any CPU
		Release|Any CPU = Release|Any CPU
	EndGlobalSection
	GlobalSection(ProjectConfigurationPlatforms) = postSolution
		{3B6EB0EB-4ED2-4432-A230-8563BFEADEC3}.Debug|Any CPU.ActiveCfg = Debug|Any CPU
		{3B6EB0EB-4ED2-4432-A230-8563BFEADEC3}.Debug|Any CPU.Build.0 = Debug|Any CPU
		{3B6EB0EB-4ED2-4432-A230-8563BFEADEC3}.Release|Any CPU.ActiveCfg = Release|Any CPU
		{3B6EB0EB-4ED2-4432-A230-8563BFEADEC3}.Release|Any CPU.Build.0 = Release|Any CPU
	EndGlobalSection
	GlobalSection(SolutionProperties) = preSolution
		HideSolutionNode = FALSE
	EndGlobalSection
	GlobalSection(ExtensibilityGlobals) = postSolution
		SolutionGuid = {1E7D61EB-91F9-4216-BE5E-C59F1B712C31}
	EndGlobalSection
EndGlobal
