
Microsoft Visual Studio Solution File, Format Version 12.00
# Visual Studio Version 16
VisualStudioVersion = 16.0.36324.18
MinimumVisualStudioVersion = 10.0.40219.1
Project("{FAE04EC0-301F-11D3-BF4B-00C04F79EFBC}") = "ejecucion_nominas", "ejecucion_nominas\ejecucion_nominas.csproj", "{58FFF7D2-B421-4482-853B-EE2FFF292D0C}"
EndProject
Global
	GlobalSection(SolutionConfigurationPlatforms) = preSolution
		Debug|Any CPU = Debug|Any CPU
		Release|Any CPU = Release|Any CPU
	EndGlobalSection
	GlobalSection(ProjectConfigurationPlatforms) = postSolution
		{58FFF7D2-B421-4482-853B-EE2FFF292D0C}.Debug|Any CPU.ActiveCfg = Debug|Any CPU
		{58FFF7D2-B421-4482-853B-EE2FFF292D0C}.Debug|Any CPU.Build.0 = Debug|Any CPU
		{58FFF7D2-B421-4482-853B-EE2FFF292D0C}.Release|Any CPU.ActiveCfg = Release|Any CPU
		{58FFF7D2-B421-4482-853B-EE2FFF292D0C}.Release|Any CPU.Build.0 = Release|Any CPU
	EndGlobalSection
	GlobalSection(SolutionProperties) = preSolution
		HideSolutionNode = FALSE
	EndGlobalSection
	GlobalSection(ExtensibilityGlobals) = postSolution
		SolutionGuid = {554B0F2C-AA2A-46C5-ABEF-DB0450BEEECC}
	EndGlobalSection
EndGlobal
