
Microsoft Visual Studio Solution File, Format Version 12.00
# Visual Studio Version 16
VisualStudioVersion = 16.0.36324.18
MinimumVisualStudioVersion = 10.0.40219.1
Project("{FAE04EC0-301F-11D3-BF4B-00C04F79EFBC}") = "Ejecutable_Inventario", "Ejecutable_Inventario.csproj", "{199DE057-9FD0-4630-8FB8-EAFDAD9B9B31}"
EndProject
Global
	GlobalSection(SolutionConfigurationPlatforms) = preSolution
		Debug|Any CPU = Debug|Any CPU
		Release|Any CPU = Release|Any CPU
	EndGlobalSection
	GlobalSection(ProjectConfigurationPlatforms) = postSolution
		{199DE057-9FD0-4630-8FB8-EAFDAD9B9B31}.Debug|Any CPU.ActiveCfg = Debug|Any CPU
		{199DE057-9FD0-4630-8FB8-EAFDAD9B9B31}.Debug|Any CPU.Build.0 = Debug|Any CPU
		{199DE057-9FD0-4630-8FB8-EAFDAD9B9B31}.Release|Any CPU.ActiveCfg = Release|Any CPU
		{199DE057-9FD0-4630-8FB8-EAFDAD9B9B31}.Release|Any CPU.Build.0 = Release|Any CPU
	EndGlobalSection
	GlobalSection(SolutionProperties) = preSolution
		HideSolutionNode = FALSE
	EndGlobalSection
	GlobalSection(ExtensibilityGlobals) = postSolution
		SolutionGuid = {7F37FBF4-5FE3-4AFB-B725-D936A2C7033D}
	EndGlobalSection
EndGlobal
