
Microsoft Visual Studio Solution File, Format Version 12.00
# Visual Studio Version 16
VisualStudioVersion = 16.0.36324.18
MinimumVisualStudioVersion = 10.0.40219.1
Project("{FAE04EC0-301F-11D3-BF4B-00C04F79EFBC}") = "Capa_Vista_Inventario", "Capa_Vista_Inventario\Capa_Vista_Inventario.csproj", "{F59D7BDF-D516-4583-B06B-D6B0C4F94360}"
EndProject
Project("{FAE04EC0-301F-11D3-BF4B-00C04F79EFBC}") = "Capa_Modelo_Inventario", "Capa_Modelo_Inventario\Capa_Modelo_Inventario.csproj", "{6FBE5D13-5F8D-4580-9F64-921590A4F29E}"
EndProject
Project("{FAE04EC0-301F-11D3-BF4B-00C04F79EFBC}") = "Capa_Controlador_Inventario", "Capa_Controlador_Inventario\Capa_Controlador_Inventario.csproj", "{01414FBC-737C-4D6A-B3A6-296758990467}"
EndProject
Global
	GlobalSection(SolutionConfigurationPlatforms) = preSolution
		Debug|Any CPU = Debug|Any CPU
		Release|Any CPU = Release|Any CPU
	EndGlobalSection
	GlobalSection(ProjectConfigurationPlatforms) = postSolution
		{F59D7BDF-D516-4583-B06B-D6B0C4F94360}.Debug|Any CPU.ActiveCfg = Debug|Any CPU
		{F59D7BDF-D516-4583-B06B-D6B0C4F94360}.Debug|Any CPU.Build.0 = Debug|Any CPU
		{F59D7BDF-D516-4583-B06B-D6B0C4F94360}.Release|Any CPU.ActiveCfg = Release|Any CPU
		{F59D7BDF-D516-4583-B06B-D6B0C4F94360}.Release|Any CPU.Build.0 = Release|Any CPU
		{6FBE5D13-5F8D-4580-9F64-921590A4F29E}.Debug|Any CPU.ActiveCfg = Debug|Any CPU
		{6FBE5D13-5F8D-4580-9F64-921590A4F29E}.Debug|Any CPU.Build.0 = Debug|Any CPU
		{6FBE5D13-5F8D-4580-9F64-921590A4F29E}.Release|Any CPU.ActiveCfg = Release|Any CPU
		{6FBE5D13-5F8D-4580-9F64-921590A4F29E}.Release|Any CPU.Build.0 = Release|Any CPU
		{01414FBC-737C-4D6A-B3A6-296758990467}.Debug|Any CPU.ActiveCfg = Debug|Any CPU
		{01414FBC-737C-4D6A-B3A6-296758990467}.Debug|Any CPU.Build.0 = Debug|Any CPU
		{01414FBC-737C-4D6A-B3A6-296758990467}.Release|Any CPU.ActiveCfg = Release|Any CPU
		{01414FBC-737C-4D6A-B3A6-296758990467}.Release|Any CPU.Build.0 = Release|Any CPU
	EndGlobalSection
	GlobalSection(SolutionProperties) = preSolution
		HideSolutionNode = FALSE
	EndGlobalSection
	GlobalSection(ExtensibilityGlobals) = postSolution
		SolutionGuid = {DA7575B4-6CDF-4C64-8BA2-BBFBF350CF62}
	EndGlobalSection
EndGlobal
