
Microsoft Visual Studio Solution File, Format Version 12.00
# Visual Studio Version 16
VisualStudioVersion = 16.0.36324.18
MinimumVisualStudioVersion = 10.0.40219.1
Project("{FAE04EC0-301F-11D3-BF4B-00C04F79EFBC}") = "Capa_Vista_Creacion_Nomina", "Capa_Vista_Creacion_Nomina\Capa_Vista_Creacion_Nomina.csproj", "{67B79BAF-0E75-458B-BCD8-BDA63E36841E}"
EndProject
Project("{FAE04EC0-301F-11D3-BF4B-00C04F79EFBC}") = "Capa_Controlador_Creacion_Nomina", "Capa_Controlador_Creacion_Nomina\Capa_Controlador_Creacion_Nomina.csproj", "{A35FFB7D-64E2-4A39-B593-D834E52544F2}"
EndProject
Project("{FAE04EC0-301F-11D3-BF4B-00C04F79EFBC}") = "Capa_Modelo_Creacion_Nomina", "Capa_Modelo_Creacion_Nomina\Capa_Modelo_Creacion_Nomina.csproj", "{CF4CFF91-EA22-4416-8398-75DE610BA5EB}"
EndProject
Global
	GlobalSection(SolutionConfigurationPlatforms) = preSolution
		Debug|Any CPU = Debug|Any CPU
		Release|Any CPU = Release|Any CPU
	EndGlobalSection
	GlobalSection(ProjectConfigurationPlatforms) = postSolution
		{67B79BAF-0E75-458B-BCD8-BDA63E36841E}.Debug|Any CPU.ActiveCfg = Debug|Any CPU
		{67B79BAF-0E75-458B-BCD8-BDA63E36841E}.Debug|Any CPU.Build.0 = Debug|Any CPU
		{67B79BAF-0E75-458B-BCD8-BDA63E36841E}.Release|Any CPU.ActiveCfg = Release|Any CPU
		{67B79BAF-0E75-458B-BCD8-BDA63E36841E}.Release|Any CPU.Build.0 = Release|Any CPU
		{A35FFB7D-64E2-4A39-B593-D834E52544F2}.Debug|Any CPU.ActiveCfg = Debug|Any CPU
		{A35FFB7D-64E2-4A39-B593-D834E52544F2}.Debug|Any CPU.Build.0 = Debug|Any CPU
		{A35FFB7D-64E2-4A39-B593-D834E52544F2}.Release|Any CPU.ActiveCfg = Release|Any CPU
		{A35FFB7D-64E2-4A39-B593-D834E52544F2}.Release|Any CPU.Build.0 = Release|Any CPU
		{CF4CFF91-EA22-4416-8398-75DE610BA5EB}.Debug|Any CPU.ActiveCfg = Debug|Any CPU
		{CF4CFF91-EA22-4416-8398-75DE610BA5EB}.Debug|Any CPU.Build.0 = Debug|Any CPU
		{CF4CFF91-EA22-4416-8398-75DE610BA5EB}.Release|Any CPU.ActiveCfg = Release|Any CPU
		{CF4CFF91-EA22-4416-8398-75DE610BA5EB}.Release|Any CPU.Build.0 = Release|Any CPU
	EndGlobalSection
	GlobalSection(SolutionProperties) = preSolution
		HideSolutionNode = FALSE
	EndGlobalSection
	GlobalSection(ExtensibilityGlobals) = postSolution
		SolutionGuid = {C68BAF4A-F734-4D2A-903B-13DB3F439524}
	EndGlobalSection
EndGlobal
