
Microsoft Visual Studio Solution File, Format Version 12.00
# Visual Studio Version 16
VisualStudioVersion = 16.0.36324.18
MinimumVisualStudioVersion = 10.0.40219.1
Project("{FAE04EC0-301F-11D3-BF4B-00C04F79EFBC}") = "Capa_Vista_Compras", "Capa_Vista_Compras\Capa_Vista_Compras.csproj", "{B466B31A-B230-4646-8589-B219A1D9377E}"
EndProject
Project("{FAE04EC0-301F-11D3-BF4B-00C04F79EFBC}") = "Capa_Controlador_Compras", "Capa_Controlador_Compras\Capa_Controlador_Compras.csproj", "{5A251EFA-7326-4B24-AE52-34E68AB5F06A}"
EndProject
Project("{FAE04EC0-301F-11D3-BF4B-00C04F79EFBC}") = "Capa_Modelo_Compras", "Capa_Modelo_Compras\Capa_Modelo_Compras.csproj", "{8B46CE27-44EB-4417-9A8B-3E834159F2D9}"
EndProject
Global
	GlobalSection(SolutionConfigurationPlatforms) = preSolution
		Debug|Any CPU = Debug|Any CPU
		Release|Any CPU = Release|Any CPU
	EndGlobalSection
	GlobalSection(ProjectConfigurationPlatforms) = postSolution
		{B466B31A-B230-4646-8589-B219A1D9377E}.Debug|Any CPU.ActiveCfg = Debug|Any CPU
		{B466B31A-B230-4646-8589-B219A1D9377E}.Debug|Any CPU.Build.0 = Debug|Any CPU
		{B466B31A-B230-4646-8589-B219A1D9377E}.Release|Any CPU.ActiveCfg = Release|Any CPU
		{B466B31A-B230-4646-8589-B219A1D9377E}.Release|Any CPU.Build.0 = Release|Any CPU
		{5A251EFA-7326-4B24-AE52-34E68AB5F06A}.Debug|Any CPU.ActiveCfg = Debug|Any CPU
		{5A251EFA-7326-4B24-AE52-34E68AB5F06A}.Debug|Any CPU.Build.0 = Debug|Any CPU
		{5A251EFA-7326-4B24-AE52-34E68AB5F06A}.Release|Any CPU.ActiveCfg = Release|Any CPU
		{5A251EFA-7326-4B24-AE52-34E68AB5F06A}.Release|Any CPU.Build.0 = Release|Any CPU
		{8B46CE27-44EB-4417-9A8B-3E834159F2D9}.Debug|Any CPU.ActiveCfg = Debug|Any CPU
		{8B46CE27-44EB-4417-9A8B-3E834159F2D9}.Debug|Any CPU.Build.0 = Debug|Any CPU
		{8B46CE27-44EB-4417-9A8B-3E834159F2D9}.Release|Any CPU.ActiveCfg = Release|Any CPU
		{8B46CE27-44EB-4417-9A8B-3E834159F2D9}.Release|Any CPU.Build.0 = Release|Any CPU
	EndGlobalSection
	GlobalSection(SolutionProperties) = preSolution
		HideSolutionNode = FALSE
	EndGlobalSection
	GlobalSection(ExtensibilityGlobals) = postSolution
		SolutionGuid = {BEA43635-792D-43CD-9125-A0906A9BFF81}
	EndGlobalSection
EndGlobal
