
Microsoft Visual Studio Solution File, Format Version 12.00
# Visual Studio Version 16
VisualStudioVersion = 16.0.36324.18
MinimumVisualStudioVersion = 10.0.40219.1
Project("{FAE04EC0-301F-11D3-BF4B-00C04F79EFBC}") = "Mantenimiento_Puestos", "Mantenimiento_Puestos\Mantenimiento_Puestos.csproj", "{5931F6C3-04CB-4811-A35F-12AAB3434C6C}"
EndProject
Global
	GlobalSection(SolutionConfigurationPlatforms) = preSolution
		Debug|Any CPU = Debug|Any CPU
		Release|Any CPU = Release|Any CPU
	EndGlobalSection
	GlobalSection(ProjectConfigurationPlatforms) = postSolution
		{5931F6C3-04CB-4811-A35F-12AAB3434C6C}.Debug|Any CPU.ActiveCfg = Debug|Any CPU
		{5931F6C3-04CB-4811-A35F-12AAB3434C6C}.Debug|Any CPU.Build.0 = Debug|Any CPU
		{5931F6C3-04CB-4811-A35F-12AAB3434C6C}.Release|Any CPU.ActiveCfg = Release|Any CPU
		{5931F6C3-04CB-4811-A35F-12AAB3434C6C}.Release|Any CPU.Build.0 = Release|Any CPU
	EndGlobalSection
	GlobalSection(SolutionProperties) = preSolution
		HideSolutionNode = FALSE
	EndGlobalSection
	GlobalSection(ExtensibilityGlobals) = postSolution
		SolutionGuid = {673044DF-F268-478E-8036-3FD26C45E8F3}
	EndGlobalSection
EndGlobal
